
Microsoft Visual Studio Solution File, Format Version 12.00
# Visual Studio Version 16
VisualStudioVersion = 16.0.31019.35
MinimumVisualStudioVersion = 10.0.40219.1
Project("{FAE04EC0-301F-11D3-BF4B-00C04F79EFBC}") = "WindowsFormsApp1", "WindowsFormsApp1.csproj", "{AD1163BF-9768-41AE-932A-111B06C50F3D}"
EndProject
Global
	GlobalSection(SolutionConfigurationPlatforms) = preSolution
		Debug|Any CPU = Debug|Any CPU
		Release|Any CPU = Release|Any CPU
	EndGlobalSection
	GlobalSection(ProjectConfigurationPlatforms) = postSolution
		{AD1163BF-9768-41AE-932A-111B06C50F3D}.Debug|Any CPU.ActiveCfg = Debug|Any CPU
		{AD1163BF-9768-41AE-932A-111B06C50F3D}.Debug|Any CPU.Build.0 = Debug|Any CPU
		{AD1163BF-9768-41AE-932A-111B06C50F3D}.Release|Any CPU.ActiveCfg = Release|Any CPU
		{AD1163BF-9768-41AE-932A-111B06C50F3D}.Release|Any CPU.Build.0 = Release|Any CPU
	EndGlobalSection
	GlobalSection(SolutionProperties) = preSolution
		HideSolutionNode = FALSE
	EndGlobalSection
	GlobalSection(ExtensibilityGlobals) = postSolution
		SolutionGuid = {E7EAE9DF-4733-4277-907B-DF57CE4ABCCF}
	EndGlobalSection
EndGlobal
